
Microsoft Visual Studio Solution File, Format Version 12.00
# Visual Studio Version 16
VisualStudioVersion = 16.0.31005.135
MinimumVisualStudioVersion = 10.0.40219.1
Project("{9092AA53-FB77-4645-B42D-1CCCA6BD08BD}") = "gpa-symbols", "gpa-symbols\gpa-symbols.njsproj", "{42CE0764-F798-4702-AF6D-4D01460BAB07}"
EndProject
Project("{9092AA53-FB77-4645-B42D-1CCCA6BD08BD}") = "helper-functions", "helper-functions\helper-functions.njsproj", "{C8E34CF5-D879-47C3-A5AA-39A160933382}"
EndProject
Project("{9092AA53-FB77-4645-B42D-1CCCA6BD08BD}") = "application-typings", "application-typings\application-typings.njsproj", "{55DEB0C6-BA1D-4440-8B4E-9F82F6BDEE71}"
EndProject
Project("{9092AA53-FB77-4645-B42D-1CCCA6BD08BD}") = "common-pages", "common-pages\common-pages.njsproj", "{6E431B91-BF3A-45B8-BE3D-2E62C007DEBA}"
EndProject
Project("{9092AA53-FB77-4645-B42D-1CCCA6BD08BD}") = "react-forms", "react-forms\react-forms.njsproj", "{39AF7357-C89F-4724-9C3E-53EB65AD5A26}"
EndProject
Project("{9092AA53-FB77-4645-B42D-1CCCA6BD08BD}") = "react-graph", "react-graph\react-graph.njsproj", "{C2946A63-2F8A-4618-9F33-9464A6BA0F08}"
EndProject
Project("{9092AA53-FB77-4645-B42D-1CCCA6BD08BD}") = "react-interactive", "react-interactive\react-interactive.njsproj", "{594B1670-2B75-4BF4-B9FA-A18D4D5351FA}"
EndProject
Project("{9092AA53-FB77-4645-B42D-1CCCA6BD08BD}") = "react-table", "react-table\react-table.njsproj", "{F8E4DBE1-9A5E-4D4B-BCE7-F89320A4BB61}"
EndProject
Global
	GlobalSection(SolutionConfigurationPlatforms) = preSolution
		Debug|Any CPU = Debug|Any CPU
		Release|Any CPU = Release|Any CPU
	EndGlobalSection
	GlobalSection(ProjectConfigurationPlatforms) = postSolution
		{42CE0764-F798-4702-AF6D-4D01460BAB07}.Debug|Any CPU.ActiveCfg = Debug|Any CPU
		{42CE0764-F798-4702-AF6D-4D01460BAB07}.Debug|Any CPU.Build.0 = Debug|Any CPU
		{42CE0764-F798-4702-AF6D-4D01460BAB07}.Release|Any CPU.ActiveCfg = Release|Any CPU
		{42CE0764-F798-4702-AF6D-4D01460BAB07}.Release|Any CPU.Build.0 = Release|Any CPU
		{C8E34CF5-D879-47C3-A5AA-39A160933382}.Debug|Any CPU.ActiveCfg = Debug|Any CPU
		{C8E34CF5-D879-47C3-A5AA-39A160933382}.Debug|Any CPU.Build.0 = Debug|Any CPU
		{C8E34CF5-D879-47C3-A5AA-39A160933382}.Release|Any CPU.ActiveCfg = Release|Any CPU
		{C8E34CF5-D879-47C3-A5AA-39A160933382}.Release|Any CPU.Build.0 = Release|Any CPU
		{55DEB0C6-BA1D-4440-8B4E-9F82F6BDEE71}.Debug|Any CPU.ActiveCfg = Debug|Any CPU
		{55DEB0C6-BA1D-4440-8B4E-9F82F6BDEE71}.Debug|Any CPU.Build.0 = Debug|Any CPU
		{55DEB0C6-BA1D-4440-8B4E-9F82F6BDEE71}.Release|Any CPU.ActiveCfg = Release|Any CPU
		{55DEB0C6-BA1D-4440-8B4E-9F82F6BDEE71}.Release|Any CPU.Build.0 = Release|Any CPU
		{6E431B91-BF3A-45B8-BE3D-2E62C007DEBA}.Debug|Any CPU.ActiveCfg = Debug|Any CPU
		{6E431B91-BF3A-45B8-BE3D-2E62C007DEBA}.Debug|Any CPU.Build.0 = Debug|Any CPU
		{6E431B91-BF3A-45B8-BE3D-2E62C007DEBA}.Release|Any CPU.ActiveCfg = Release|Any CPU
		{6E431B91-BF3A-45B8-BE3D-2E62C007DEBA}.Release|Any CPU.Build.0 = Release|Any CPU
		{39AF7357-C89F-4724-9C3E-53EB65AD5A26}.Debug|Any CPU.ActiveCfg = Debug|Any CPU
		{39AF7357-C89F-4724-9C3E-53EB65AD5A26}.Debug|Any CPU.Build.0 = Debug|Any CPU
		{39AF7357-C89F-4724-9C3E-53EB65AD5A26}.Release|Any CPU.ActiveCfg = Release|Any CPU
		{39AF7357-C89F-4724-9C3E-53EB65AD5A26}.Release|Any CPU.Build.0 = Release|Any CPU
		{C2946A63-2F8A-4618-9F33-9464A6BA0F08}.Debug|Any CPU.ActiveCfg = Debug|Any CPU
		{C2946A63-2F8A-4618-9F33-9464A6BA0F08}.Debug|Any CPU.Build.0 = Debug|Any CPU
		{C2946A63-2F8A-4618-9F33-9464A6BA0F08}.Release|Any CPU.ActiveCfg = Release|Any CPU
		{C2946A63-2F8A-4618-9F33-9464A6BA0F08}.Release|Any CPU.Build.0 = Release|Any CPU
		{594B1670-2B75-4BF4-B9FA-A18D4D5351FA}.Debug|Any CPU.ActiveCfg = Debug|Any CPU
		{594B1670-2B75-4BF4-B9FA-A18D4D5351FA}.Debug|Any CPU.Build.0 = Debug|Any CPU
		{594B1670-2B75-4BF4-B9FA-A18D4D5351FA}.Release|Any CPU.ActiveCfg = Release|Any CPU
		{594B1670-2B75-4BF4-B9FA-A18D4D5351FA}.Release|Any CPU.Build.0 = Release|Any CPU
		{F8E4DBE1-9A5E-4D4B-BCE7-F89320A4BB61}.Debug|Any CPU.ActiveCfg = Debug|Any CPU
		{F8E4DBE1-9A5E-4D4B-BCE7-F89320A4BB61}.Debug|Any CPU.Build.0 = Debug|Any CPU
		{F8E4DBE1-9A5E-4D4B-BCE7-F89320A4BB61}.Release|Any CPU.ActiveCfg = Release|Any CPU
		{F8E4DBE1-9A5E-4D4B-BCE7-F89320A4BB61}.Release|Any CPU.Build.0 = Release|Any CPU
	EndGlobalSection
	GlobalSection(SolutionProperties) = preSolution
		HideSolutionNode = FALSE
	EndGlobalSection
	GlobalSection(ExtensibilityGlobals) = postSolution
		SolutionGuid = {8A172583-4477-46F1-9401-93D2E9AAF243}
	EndGlobalSection
EndGlobal
